
Microsoft Visual Studio Solution File, Format Version 12.00
# Visual Studio Version 16
VisualStudioVersion = 16.0.32602.291
MinimumVisualStudioVersion = 10.0.40219.1
Project("{FAE04EC0-301F-11D3-BF4B-00C04F79EFBC}") = "ACT7", "ACT7\ACT7.csproj", "{BDBAFD5D-7222-44C9-A645-48E3473E939C}"
EndProject
Global
	GlobalSection(SolutionConfigurationPlatforms) = preSolution
		Debug|Any CPU = Debug|Any CPU
		Release|Any CPU = Release|Any CPU
	EndGlobalSection
	GlobalSection(ProjectConfigurationPlatforms) = postSolution
		{BDBAFD5D-7222-44C9-A645-48E3473E939C}.Debug|Any CPU.ActiveCfg = Debug|Any CPU
		{BDBAFD5D-7222-44C9-A645-48E3473E939C}.Debug|Any CPU.Build.0 = Debug|Any CPU
		{BDBAFD5D-7222-44C9-A645-48E3473E939C}.Release|Any CPU.ActiveCfg = Release|Any CPU
		{BDBAFD5D-7222-44C9-A645-48E3473E939C}.Release|Any CPU.Build.0 = Release|Any CPU
	EndGlobalSection
	GlobalSection(SolutionProperties) = preSolution
		HideSolutionNode = FALSE
	EndGlobalSection
	GlobalSection(ExtensibilityGlobals) = postSolution
		SolutionGuid = {B52C90DE-2160-41B6-8286-4D7E6A09D2F4}
	EndGlobalSection
EndGlobal
