
Microsoft Visual Studio Solution File, Format Version 12.00
# Visual Studio Version 16
VisualStudioVersion = 16.0.32602.291
MinimumVisualStudioVersion = 10.0.40219.1
Project("{FAE04EC0-301F-11D3-BF4B-00C04F79EFBC}") = "WPFACT2MatchingGame", "WPFACT2MatchingGame\WPFACT2MatchingGame.csproj", "{3C417D99-9796-41D2-AFD9-3E319855E108}"
EndProject
Global
	GlobalSection(SolutionConfigurationPlatforms) = preSolution
		Debug|Any CPU = Debug|Any CPU
		Release|Any CPU = Release|Any CPU
	EndGlobalSection
	GlobalSection(ProjectConfigurationPlatforms) = postSolution
		{3C417D99-9796-41D2-AFD9-3E319855E108}.Debug|Any CPU.ActiveCfg = Debug|Any CPU
		{3C417D99-9796-41D2-AFD9-3E319855E108}.Debug|Any CPU.Build.0 = Debug|Any CPU
		{3C417D99-9796-41D2-AFD9-3E319855E108}.Release|Any CPU.ActiveCfg = Release|Any CPU
		{3C417D99-9796-41D2-AFD9-3E319855E108}.Release|Any CPU.Build.0 = Release|Any CPU
	EndGlobalSection
	GlobalSection(SolutionProperties) = preSolution
		HideSolutionNode = FALSE
	EndGlobalSection
	GlobalSection(ExtensibilityGlobals) = postSolution
		SolutionGuid = {68AA2BC7-77AC-4292-AB5C-991B2F41B626}
	EndGlobalSection
EndGlobal
