
Microsoft Visual Studio Solution File, Format Version 12.00
# Visual Studio Version 17
VisualStudioVersion = 17.3.32825.248
MinimumVisualStudioVersion = 10.0.40219.1
Project("{FAE04EC0-301F-11D3-BF4B-00C04F79EFBC}") = "WPFex5", "WPFex5\WPFex5.csproj", "{1FE7D7B0-FD6F-4318-973B-A3D96F14C32E}"
EndProject
Global
	GlobalSection(SolutionConfigurationPlatforms) = preSolution
		Debug|Any CPU = Debug|Any CPU
		Release|Any CPU = Release|Any CPU
	EndGlobalSection
	GlobalSection(ProjectConfigurationPlatforms) = postSolution
		{1FE7D7B0-FD6F-4318-973B-A3D96F14C32E}.Debug|Any CPU.ActiveCfg = Debug|Any CPU
		{1FE7D7B0-FD6F-4318-973B-A3D96F14C32E}.Debug|Any CPU.Build.0 = Debug|Any CPU
		{1FE7D7B0-FD6F-4318-973B-A3D96F14C32E}.Release|Any CPU.ActiveCfg = Release|Any CPU
		{1FE7D7B0-FD6F-4318-973B-A3D96F14C32E}.Release|Any CPU.Build.0 = Release|Any CPU
	EndGlobalSection
	GlobalSection(SolutionProperties) = preSolution
		HideSolutionNode = FALSE
	EndGlobalSection
	GlobalSection(ExtensibilityGlobals) = postSolution
		SolutionGuid = {B16CB462-7C4F-41D9-9F5A-C9BB57B3894A}
	EndGlobalSection
EndGlobal
