
Microsoft Visual Studio Solution File, Format Version 12.00
# Visual Studio Version 16
VisualStudioVersion = 16.0.32602.291
MinimumVisualStudioVersion = 10.0.40219.1
Project("{FAE04EC0-301F-11D3-BF4B-00C04F79EFBC}") = "I1P622_Rioli", "I1P622_Rioli\I1P622_Rioli.csproj", "{A7C6941F-4896-4D0D-A46A-E15FA33040E5}"
EndProject
Global
	GlobalSection(SolutionConfigurationPlatforms) = preSolution
		Debug|Any CPU = Debug|Any CPU
		Release|Any CPU = Release|Any CPU
	EndGlobalSection
	GlobalSection(ProjectConfigurationPlatforms) = postSolution
		{A7C6941F-4896-4D0D-A46A-E15FA33040E5}.Debug|Any CPU.ActiveCfg = Debug|Any CPU
		{A7C6941F-4896-4D0D-A46A-E15FA33040E5}.Debug|Any CPU.Build.0 = Debug|Any CPU
		{A7C6941F-4896-4D0D-A46A-E15FA33040E5}.Release|Any CPU.ActiveCfg = Release|Any CPU
		{A7C6941F-4896-4D0D-A46A-E15FA33040E5}.Release|Any CPU.Build.0 = Release|Any CPU
	EndGlobalSection
	GlobalSection(SolutionProperties) = preSolution
		HideSolutionNode = FALSE
	EndGlobalSection
	GlobalSection(ExtensibilityGlobals) = postSolution
		SolutionGuid = {BC3FE2FB-4485-488A-B544-8D2594A5BF73}
	EndGlobalSection
EndGlobal
