
Microsoft Visual Studio Solution File, Format Version 12.00
# Visual Studio Version 16
VisualStudioVersion = 16.0.32602.291
MinimumVisualStudioVersion = 10.0.40219.1
Project("{FAE04EC0-301F-11D3-BF4B-00C04F79EFBC}") = "P622_I1_Rioli", "P622_I1_Rioli\P622_I1_Rioli.csproj", "{A2665C06-B56B-4A05-BC36-33BD164B2BEB}"
EndProject
Global
	GlobalSection(SolutionConfigurationPlatforms) = preSolution
		Debug|Any CPU = Debug|Any CPU
		Release|Any CPU = Release|Any CPU
	EndGlobalSection
	GlobalSection(ProjectConfigurationPlatforms) = postSolution
		{A2665C06-B56B-4A05-BC36-33BD164B2BEB}.Debug|Any CPU.ActiveCfg = Debug|Any CPU
		{A2665C06-B56B-4A05-BC36-33BD164B2BEB}.Debug|Any CPU.Build.0 = Debug|Any CPU
		{A2665C06-B56B-4A05-BC36-33BD164B2BEB}.Release|Any CPU.ActiveCfg = Release|Any CPU
		{A2665C06-B56B-4A05-BC36-33BD164B2BEB}.Release|Any CPU.Build.0 = Release|Any CPU
	EndGlobalSection
	GlobalSection(SolutionProperties) = preSolution
		HideSolutionNode = FALSE
	EndGlobalSection
	GlobalSection(ExtensibilityGlobals) = postSolution
		SolutionGuid = {9907B090-650F-4567-984E-024C5FD99E67}
	EndGlobalSection
EndGlobal
